{
    "name": "hot-update",
    "version": "1.0.0",
    "lockfileVersion": 2,
    "requires": true,
    "packages": {
        "": {
            "version": "1.0.0",
            "devDependencies": {
                "@types/fs-extra": "^5.0.4",
                "@types/node": "^14.5.2"
            }
        },
        "node_modules/@types/fs-extra": {
            "version": "5.1.0",
            "resolved": "https://registry.npmjs.org/@types/fs-extra/-/fs-extra-5.1.0.tgz",
            "integrity": "sha512-AInn5+UBFIK9FK5xc9yP5e3TQSPNNgjHByqYcj9g5elVBnDQcQL7PlO1CIRy2gWlbwK7UPYqi7vRvFA44dCmYQ==",
            "dev": true,
            "dependencies": {
                "@types/node": "*"
            }
        },
        "node_modules/@types/node": {
            "version": "14.17.4",
            "resolved": "https://registry.npmjs.org/@types/node/-/node-14.17.4.tgz",
            "integrity": "sha512-8kQ3+wKGRNN0ghtEn7EGps/B8CzuBz1nXZEIGGLP2GnwbqYn4dbTs7k+VKLTq1HvZLRCIDtN3Snx1Ege8B7L5A==",
            "dev": true
        }
    },
    "dependencies": {
        "@types/fs-extra": {
            "version": "5.1.0",
            "resolved": "https://registry.npmjs.org/@types/fs-extra/-/fs-extra-5.1.0.tgz",
            "integrity": "sha512-AInn5+UBFIK9FK5xc9yP5e3TQSPNNgjHByqYcj9g5elVBnDQcQL7PlO1CIRy2gWlbwK7UPYqi7vRvFA44dCmYQ==",
            "dev": true,
            "requires": {
                "@types/node": "*"
            }
        },
        "@types/node": {
            "version": "14.17.4",
            "resolved": "https://registry.npmjs.org/@types/node/-/node-14.17.4.tgz",
            "integrity": "sha512-8kQ3+wKGRNN0ghtEn7EGps/B8CzuBz1nXZEIGGLP2GnwbqYn4dbTs7k+VKLTq1HvZLRCIDtN3Snx1Ege8B7L5A==",
            "dev": true
        }
    }
}
